{
  "name": "consume-scope",
  "version": "1.0.0",
  "lockfileVersion": 3,
  "requires": true,
  "packages": {
    "": {
      "name": "consume-scope",
      "version": "1.0.0",
      "license": "ISC",
      "dependencies": {
        "@myscope/package": "^1.0.0",
        "helmet": "^8.1.0",
        "unrs-resolver": "^1.11.1"
      }
    },
    "node_modules/@emnapi/core": {
      "version": "1.6.0",
      "resolved": "https://elinaf.jfrog.io/artifactory/api/npm/yoavh-npm/@emnapi/core/-/core-1.6.0.tgz",
      "integrity": "sha512-zq/ay+9fNIJJtJiZxdTnXS20PllcYMX3OE23ESc4HK/bdYu3cOWYVhsOhVnXALfU/uqJIxn5NBPd9z4v+SfoSg==",
      "license": "MIT",
      "optional": true,
      "dependencies": {
        "@emnapi/wasi-threads": "1.1.0",
        "tslib": "^2.4.0"
      }
    },
    "node_modules/@emnapi/runtime": {
      "version": "1.6.0",
      "resolved": "https://elinaf.jfrog.io/artifactory/api/npm/yoavh-npm/@emnapi/runtime/-/runtime-1.6.0.tgz",
      "integrity": "sha512-obtUmAHTMjll499P+D9A3axeJFlhdjOWdKUNs/U6QIGT7V5RjcUW1xToAzjvmgTSQhDbYn/NwfTRoJcQ2rNBxA==",
      "license": "MIT",
      "optional": true,
      "dependencies": {
        "tslib": "^2.4.0"
      }
    },
    "node_modules/@emnapi/wasi-threads": {
      "version": "1.1.0",
      "resolved": "https://elinaf.jfrog.io/artifactory/api/npm/yoavh-npm/@emnapi/wasi-threads/-/wasi-threads-1.1.0.tgz",
      "integrity": "sha512-WI0DdZ8xFSbgMjR1sFsKABJ/C5OnRrjT06JXbZKexJGrDuPTzZdDYfFlsgcCXCyf+suG5QU2e/y1Wo2V/OapLQ==",
      "license": "MIT",
      "optional": true,
      "dependencies": {
        "tslib": "^2.4.0"
      }
    },
    "node_modules/@myscope/package": {
      "version": "1.0.0",
      "resolved": "https://elinaf.jfrog.io/artifactory/api/npm/yoavh-npm/@myscope/package/-/@myscope/package-1.0.0.tgz",
      "integrity": "sha512-7yx2L4UZS4043GezM9ew6QSkk87E0/+cByUWhP6DLsLBaFyidNRgWXclYjIUd9yGzXVtSUPU5vHKc4PGCe2XWg==",
      "license": "ISC"
    },
    "node_modules/@napi-rs/wasm-runtime": {
      "version": "0.2.12",
      "resolved": "https://elinaf.jfrog.io/artifactory/api/npm/yoavh-npm/@napi-rs/wasm-runtime/-/wasm-runtime-0.2.12.tgz",
      "integrity": "sha512-ZVWUcfwY4E/yPitQJl481FjFo3K22D6qF0DuFH6Y/nbnE11GY5uguDxZMGXPQ8WQ0128MXQD7TnfHyK4oWoIJQ==",
      "license": "MIT",
      "optional": true,
      "dependencies": {
        "@emnapi/core": "^1.4.3",
        "@emnapi/runtime": "^1.4.3",
        "@tybys/wasm-util": "^0.10.0"
      }
    },
    "node_modules/@tybys/wasm-util": {
      "version": "0.10.1",
      "resolved": "https://elinaf.jfrog.io/artifactory/api/npm/yoavh-npm/@tybys/wasm-util/-/wasm-util-0.10.1.tgz",
      "integrity": "sha512-9tTaPJLSiejZKx+Bmog4uSubteqTvFrVrURwkmHixBo0G4seD0zUxp98E1DzUBJxLQ3NPwXrGKDiVjwx/DpPsg==",
      "license": "MIT",
      "optional": true,
      "dependencies": {
        "tslib": "^2.4.0"
      }
    },
    "node_modules/@unrs/resolver-binding-android-arm-eabi": {
      "version": "1.11.1",
      "resolved": "https://elinaf.jfrog.io/artifactory/api/npm/yoavh-npm/@unrs/resolver-binding-android-arm-eabi/-/resolver-binding-android-arm-eabi-1.11.1.tgz",
      "integrity": "sha512-ppLRUgHVaGRWUx0R0Ut06Mjo9gBaBkg3v/8AxusGLhsIotbBLuRk51rAzqLC8gq6NyyAojEXglNjzf6R948DNw==",
      "cpu": [
        "arm"
      ],
      "license": "MIT",
      "optional": true,
      "os": [
        "android"
      ]
    },
    "node_modules/@unrs/resolver-binding-android-arm64": {
      "version": "1.11.1",
      "resolved": "https://elinaf.jfrog.io/artifactory/api/npm/yoavh-npm/@unrs/resolver-binding-android-arm64/-/resolver-binding-android-arm64-1.11.1.tgz",
      "integrity": "sha512-lCxkVtb4wp1v+EoN+HjIG9cIIzPkX5OtM03pQYkG+U5O/wL53LC4QbIeazgiKqluGeVEeBlZahHalCaBvU1a2g==",
      "cpu": [
        "arm64"
      ],
      "license": "MIT",
      "optional": true,
      "os": [
        "android"
      ]
    },
    "node_modules/@unrs/resolver-binding-darwin-arm64": {
      "version": "1.11.1",
      "resolved": "https://elinaf.jfrog.io/artifactory/api/npm/yoavh-npm/@unrs/resolver-binding-darwin-arm64/-/resolver-binding-darwin-arm64-1.11.1.tgz",
      "integrity": "sha512-gPVA1UjRu1Y/IsB/dQEsp2V1pm44Of6+LWvbLc9SDk1c2KhhDRDBUkQCYVWe6f26uJb3fOK8saWMgtX8IrMk3g==",
      "cpu": [
        "arm64"
      ],
      "license": "MIT",
      "optional": true,
      "os": [
        "darwin"
      ]
    },
    "node_modules/@unrs/resolver-binding-darwin-x64": {
      "version": "1.11.1",
      "resolved": "https://elinaf.jfrog.io/artifactory/api/npm/yoavh-npm/@unrs/resolver-binding-darwin-x64/-/resolver-binding-darwin-x64-1.11.1.tgz",
      "integrity": "sha512-cFzP7rWKd3lZaCsDze07QX1SC24lO8mPty9vdP+YVa3MGdVgPmFc59317b2ioXtgCMKGiCLxJ4HQs62oz6GfRQ==",
      "cpu": [
        "x64"
      ],
      "license": "MIT",
      "optional": true,
      "os": [
        "darwin"
      ]
    },
    "node_modules/@unrs/resolver-binding-freebsd-x64": {
      "version": "1.11.1",
      "resolved": "https://elinaf.jfrog.io/artifactory/api/npm/yoavh-npm/@unrs/resolver-binding-freebsd-x64/-/resolver-binding-freebsd-x64-1.11.1.tgz",
      "integrity": "sha512-fqtGgak3zX4DCB6PFpsH5+Kmt/8CIi4Bry4rb1ho6Av2QHTREM+47y282Uqiu3ZRF5IQioJQ5qWRV6jduA+iGw==",
      "cpu": [
        "x64"
      ],
      "license": "MIT",
      "optional": true,
      "os": [
        "freebsd"
      ]
    },
    "node_modules/@unrs/resolver-binding-linux-arm-gnueabihf": {
      "version": "1.11.1",
      "resolved": "https://elinaf.jfrog.io/artifactory/api/npm/yoavh-npm/@unrs/resolver-binding-linux-arm-gnueabihf/-/resolver-binding-linux-arm-gnueabihf-1.11.1.tgz",
      "integrity": "sha512-u92mvlcYtp9MRKmP+ZvMmtPN34+/3lMHlyMj7wXJDeXxuM0Vgzz0+PPJNsro1m3IZPYChIkn944wW8TYgGKFHw==",
      "cpu": [
        "arm"
      ],
      "license": "MIT",
      "optional": true,
      "os": [
        "linux"
      ]
    },
    "node_modules/@unrs/resolver-binding-linux-arm-musleabihf": {
      "version": "1.11.1",
      "resolved": "https://elinaf.jfrog.io/artifactory/api/npm/yoavh-npm/@unrs/resolver-binding-linux-arm-musleabihf/-/resolver-binding-linux-arm-musleabihf-1.11.1.tgz",
      "integrity": "sha512-cINaoY2z7LVCrfHkIcmvj7osTOtm6VVT16b5oQdS4beibX2SYBwgYLmqhBjA1t51CarSaBuX5YNsWLjsqfW5Cw==",
      "cpu": [
        "arm"
      ],
      "license": "MIT",
      "optional": true,
      "os": [
        "linux"
      ]
    },
    "node_modules/@unrs/resolver-binding-linux-arm64-gnu": {
      "version": "1.11.1",
      "resolved": "https://elinaf.jfrog.io/artifactory/api/npm/yoavh-npm/@unrs/resolver-binding-linux-arm64-gnu/-/resolver-binding-linux-arm64-gnu-1.11.1.tgz",
      "integrity": "sha512-34gw7PjDGB9JgePJEmhEqBhWvCiiWCuXsL9hYphDF7crW7UgI05gyBAi6MF58uGcMOiOqSJ2ybEeCvHcq0BCmQ==",
      "cpu": [
        "arm64"
      ],
      "license": "MIT",
      "optional": true,
      "os": [
        "linux"
      ]
    },
    "node_modules/@unrs/resolver-binding-linux-arm64-musl": {
      "version": "1.11.1",
      "resolved": "https://elinaf.jfrog.io/artifactory/api/npm/yoavh-npm/@unrs/resolver-binding-linux-arm64-musl/-/resolver-binding-linux-arm64-musl-1.11.1.tgz",
      "integrity": "sha512-RyMIx6Uf53hhOtJDIamSbTskA99sPHS96wxVE/bJtePJJtpdKGXO1wY90oRdXuYOGOTuqjT8ACccMc4K6QmT3w==",
      "cpu": [
        "arm64"
      ],
      "license": "MIT",
      "optional": true,
      "os": [
        "linux"
      ]
    },
    "node_modules/@unrs/resolver-binding-linux-ppc64-gnu": {
      "version": "1.11.1",
      "resolved": "https://elinaf.jfrog.io/artifactory/api/npm/yoavh-npm/@unrs/resolver-binding-linux-ppc64-gnu/-/resolver-binding-linux-ppc64-gnu-1.11.1.tgz",
      "integrity": "sha512-D8Vae74A4/a+mZH0FbOkFJL9DSK2R6TFPC9M+jCWYia/q2einCubX10pecpDiTmkJVUH+y8K3BZClycD8nCShA==",
      "cpu": [
        "ppc64"
      ],
      "license": "MIT",
      "optional": true,
      "os": [
        "linux"
      ]
    },
    "node_modules/@unrs/resolver-binding-linux-riscv64-gnu": {
      "version": "1.11.1",
      "resolved": "https://elinaf.jfrog.io/artifactory/api/npm/yoavh-npm/@unrs/resolver-binding-linux-riscv64-gnu/-/resolver-binding-linux-riscv64-gnu-1.11.1.tgz",
      "integrity": "sha512-frxL4OrzOWVVsOc96+V3aqTIQl1O2TjgExV4EKgRY09AJ9leZpEg8Ak9phadbuX0BA4k8U5qtvMSQQGGmaJqcQ==",
      "cpu": [
        "riscv64"
      ],
      "license": "MIT",
      "optional": true,
      "os": [
        "linux"
      ]
    },
    "node_modules/@unrs/resolver-binding-linux-riscv64-musl": {
      "version": "1.11.1",
      "resolved": "https://elinaf.jfrog.io/artifactory/api/npm/yoavh-npm/@unrs/resolver-binding-linux-riscv64-musl/-/resolver-binding-linux-riscv64-musl-1.11.1.tgz",
      "integrity": "sha512-mJ5vuDaIZ+l/acv01sHoXfpnyrNKOk/3aDoEdLO/Xtn9HuZlDD6jKxHlkN8ZhWyLJsRBxfv9GYM2utQ1SChKew==",
      "cpu": [
        "riscv64"
      ],
      "license": "MIT",
      "optional": true,
      "os": [
        "linux"
      ]
    },
    "node_modules/@unrs/resolver-binding-linux-s390x-gnu": {
      "version": "1.11.1",
      "resolved": "https://elinaf.jfrog.io/artifactory/api/npm/yoavh-npm/@unrs/resolver-binding-linux-s390x-gnu/-/resolver-binding-linux-s390x-gnu-1.11.1.tgz",
      "integrity": "sha512-kELo8ebBVtb9sA7rMe1Cph4QHreByhaZ2QEADd9NzIQsYNQpt9UkM9iqr2lhGr5afh885d/cB5QeTXSbZHTYPg==",
      "cpu": [
        "s390x"
      ],
      "license": "MIT",
      "optional": true,
      "os": [
        "linux"
      ]
    },
    "node_modules/@unrs/resolver-binding-linux-x64-gnu": {
      "version": "1.11.1",
      "resolved": "https://elinaf.jfrog.io/artifactory/api/npm/yoavh-npm/@unrs/resolver-binding-linux-x64-gnu/-/resolver-binding-linux-x64-gnu-1.11.1.tgz",
      "integrity": "sha512-C3ZAHugKgovV5YvAMsxhq0gtXuwESUKc5MhEtjBpLoHPLYM+iuwSj3lflFwK3DPm68660rZ7G8BMcwSro7hD5w==",
      "cpu": [
        "x64"
      ],
      "license": "MIT",
      "optional": true,
      "os": [
        "linux"
      ]
    },
    "node_modules/@unrs/resolver-binding-linux-x64-musl": {
      "version": "1.11.1",
      "resolved": "https://elinaf.jfrog.io/artifactory/api/npm/yoavh-npm/@unrs/resolver-binding-linux-x64-musl/-/resolver-binding-linux-x64-musl-1.11.1.tgz",
      "integrity": "sha512-rV0YSoyhK2nZ4vEswT/QwqzqQXw5I6CjoaYMOX0TqBlWhojUf8P94mvI7nuJTeaCkkds3QE4+zS8Ko+GdXuZtA==",
      "cpu": [
        "x64"
      ],
      "license": "MIT",
      "optional": true,
      "os": [
        "linux"
      ]
    },
    "node_modules/@unrs/resolver-binding-wasm32-wasi": {
      "version": "1.11.1",
      "resolved": "https://elinaf.jfrog.io/artifactory/api/npm/yoavh-npm/@unrs/resolver-binding-wasm32-wasi/-/resolver-binding-wasm32-wasi-1.11.1.tgz",
      "integrity": "sha512-5u4RkfxJm+Ng7IWgkzi3qrFOvLvQYnPBmjmZQ8+szTK/b31fQCnleNl1GgEt7nIsZRIf5PLhPwT0WM+q45x/UQ==",
      "cpu": [
        "wasm32"
      ],
      "license": "MIT",
      "optional": true,
      "dependencies": {
        "@napi-rs/wasm-runtime": "^0.2.11"
      },
      "engines": {
        "node": ">=14.0.0"
      }
    },
    "node_modules/@unrs/resolver-binding-win32-arm64-msvc": {
      "version": "1.11.1",
      "resolved": "https://elinaf.jfrog.io/artifactory/api/npm/yoavh-npm/@unrs/resolver-binding-win32-arm64-msvc/-/resolver-binding-win32-arm64-msvc-1.11.1.tgz",
      "integrity": "sha512-nRcz5Il4ln0kMhfL8S3hLkxI85BXs3o8EYoattsJNdsX4YUU89iOkVn7g0VHSRxFuVMdM4Q1jEpIId1Ihim/Uw==",
      "cpu": [
        "arm64"
      ],
      "license": "MIT",
      "optional": true,
      "os": [
        "win32"
      ]
    },
    "node_modules/@unrs/resolver-binding-win32-ia32-msvc": {
      "version": "1.11.1",
      "resolved": "https://elinaf.jfrog.io/artifactory/api/npm/yoavh-npm/@unrs/resolver-binding-win32-ia32-msvc/-/resolver-binding-win32-ia32-msvc-1.11.1.tgz",
      "integrity": "sha512-DCEI6t5i1NmAZp6pFonpD5m7i6aFrpofcp4LA2i8IIq60Jyo28hamKBxNrZcyOwVOZkgsRp9O2sXWBWP8MnvIQ==",
      "cpu": [
        "ia32"
      ],
      "license": "MIT",
      "optional": true,
      "os": [
        "win32"
      ]
    },
    "node_modules/@unrs/resolver-binding-win32-x64-msvc": {
      "version": "1.11.1",
      "resolved": "https://elinaf.jfrog.io/artifactory/api/npm/yoavh-npm/@unrs/resolver-binding-win32-x64-msvc/-/resolver-binding-win32-x64-msvc-1.11.1.tgz",
      "integrity": "sha512-lrW200hZdbfRtztbygyaq/6jP6AKE8qQN2KvPcJ+x7wiD038YtnYtZ82IMNJ69GJibV7bwL3y9FgK+5w/pYt6g==",
      "cpu": [
        "x64"
      ],
      "license": "MIT",
      "optional": true,
      "os": [
        "win32"
      ]
    },
    "node_modules/helmet": {
      "version": "8.1.0",
      "resolved": "https://elinaf.jfrog.io/artifactory/api/npm/yoavh-npm/helmet/-/helmet-8.1.0.tgz",
      "integrity": "sha512-jOiHyAZsmnr8LqoPGmCjYAaiuWwjAPLgY8ZX2XrmHawt99/u1y6RgrZMTeoPfpUbV96HOalYgz1qzkRbw54Pmg==",
      "license": "MIT",
      "engines": {
        "node": ">=18.0.0"
      }
    },
    "node_modules/napi-postinstall": {
      "version": "0.3.4",
      "resolved": "https://elinaf.jfrog.io/artifactory/api/npm/yoavh-npm/napi-postinstall/-/napi-postinstall-0.3.4.tgz",
      "integrity": "sha512-PHI5f1O0EP5xJ9gQmFGMS6IZcrVvTjpXjz7Na41gTE7eE2hK11lg04CECCYEEjdc17EV4DO+fkGEtt7TpTaTiQ==",
      "license": "MIT",
      "bin": {
        "napi-postinstall": "lib/cli.js"
      },
      "engines": {
        "node": "^12.20.0 || ^14.18.0 || >=16.0.0"
      },
      "funding": {
        "url": "https://opencollective.com/napi-postinstall"
      }
    },
    "node_modules/tslib": {
      "version": "2.8.1",
      "resolved": "https://elinaf.jfrog.io/artifactory/api/npm/yoavh-npm/tslib/-/tslib-2.8.1.tgz",
      "integrity": "sha512-oJFu94HQb+KVduSUQL7wnpmqnfmLsOA/nAh6b6EH0wCEoK0/mPeXU6c3wKDV83MkOuHPRHtSXKKU99IBazS/2w==",
      "license": "0BSD",
      "optional": true
    },
    "node_modules/unrs-resolver": {
      "version": "1.11.1",
      "resolved": "https://elinaf.jfrog.io/artifactory/api/npm/yoavh-npm/unrs-resolver/-/unrs-resolver-1.11.1.tgz",
      "integrity": "sha512-bSjt9pjaEBnNiGgc9rUiHGKv5l4/TGzDmYw3RhnkJGtLhbnnA/5qJj7x3dNDCRx/PJxu774LlH8lCOlB4hEfKg==",
      "hasInstallScript": true,
      "license": "MIT",
      "dependencies": {
        "napi-postinstall": "^0.3.0"
      },
      "funding": {
        "url": "https://opencollective.com/unrs-resolver"
      },
      "optionalDependencies": {
        "@unrs/resolver-binding-android-arm-eabi": "1.11.1",
        "@unrs/resolver-binding-android-arm64": "1.11.1",
        "@unrs/resolver-binding-darwin-arm64": "1.11.1",
        "@unrs/resolver-binding-darwin-x64": "1.11.1",
        "@unrs/resolver-binding-freebsd-x64": "1.11.1",
        "@unrs/resolver-binding-linux-arm-gnueabihf": "1.11.1",
        "@unrs/resolver-binding-linux-arm-musleabihf": "1.11.1",
        "@unrs/resolver-binding-linux-arm64-gnu": "1.11.1",
        "@unrs/resolver-binding-linux-arm64-musl": "1.11.1",
        "@unrs/resolver-binding-linux-ppc64-gnu": "1.11.1",
        "@unrs/resolver-binding-linux-riscv64-gnu": "1.11.1",
        "@unrs/resolver-binding-linux-riscv64-musl": "1.11.1",
        "@unrs/resolver-binding-linux-s390x-gnu": "1.11.1",
        "@unrs/resolver-binding-linux-x64-gnu": "1.11.1",
        "@unrs/resolver-binding-linux-x64-musl": "1.11.1",
        "@unrs/resolver-binding-wasm32-wasi": "1.11.1",
        "@unrs/resolver-binding-win32-arm64-msvc": "1.11.1",
        "@unrs/resolver-binding-win32-ia32-msvc": "1.11.1",
        "@unrs/resolver-binding-win32-x64-msvc": "1.11.1"
      }
    }
  }
}
